// !$*UTF8*$!
{
	archiveVersion = 1;
	classes = {
	};
	objectVersion = 50;
	objects = {

/* Begin PBXBuildFile section */
		DFDB510B4A545DEC54D0C6AC /* Pods_TodoApp.framework in Frameworks */ = {isa = PBXBuildFile; fileRef = A4F84E2E8348900BE9126B68 /* Pods_TodoApp.framework */; };
		F6588C8121B35C44001C0185 /* TaskDetailsViewController.swift in Sources */ = {isa = PBXBuildFile; fileRef = F6588C8021B35C44001C0185 /* TaskDetailsViewController.swift */; };
		F6588C8521B4D0AC001C0185 /* GoogleService-Info.plist in Resources */ = {isa = PBXBuildFile; fileRef = F6588C8421B4D0AB001C0185 /* GoogleService-Info.plist */; };
		F6588C8721B4D8B1001C0185 /* AppConstants.swift in Sources */ = {isa = PBXBuildFile; fileRef = F6588C8621B4D8B1001C0185 /* AppConstants.swift */; };
		F6D5604221AF4FE100ED9CC5 /* AppDelegate.swift in Sources */ = {isa = PBXBuildFile; fileRef = F6D5604121AF4FE100ED9CC5 /* AppDelegate.swift */; };
		F6D5604421AF4FE100ED9CC5 /* ViewController.swift in Sources */ = {isa = PBXBuildFile; fileRef = F6D5604321AF4FE100ED9CC5 /* ViewController.swift */; };
		F6D5604721AF4FE100ED9CC5 /* Main.storyboard in Resources */ = {isa = PBXBuildFile; fileRef = F6D5604521AF4FE100ED9CC5 /* Main.storyboard */; };
		F6D5604921AF4FE600ED9CC5 /* Assets.xcassets in Resources */ = {isa = PBXBuildFile; fileRef = F6D5604821AF4FE600ED9CC5 /* Assets.xcassets */; };
		F6D5604C21AF4FE600ED9CC5 /* LaunchScreen.storyboard in Resources */ = {isa = PBXBuildFile; fileRef = F6D5604A21AF4FE600ED9CC5 /* LaunchScreen.storyboard */; };
		F6D5605421AF531600ED9CC5 /* TodoTaskCell.swift in Sources */ = {isa = PBXBuildFile; fileRef = F6D5605321AF531600ED9CC5 /* TodoTaskCell.swift */; };
		F6D5605721AF574C00ED9CC5 /* TaskModel.swift in Sources */ = {isa = PBXBuildFile; fileRef = F6D5605621AF574C00ED9CC5 /* TaskModel.swift */; };
/* End PBXBuildFile section */

/* Begin PBXFileReference section */
		275EE92E055BCFE18595251B /* Pods-TodoApp.debug.xcconfig */ = {isa = PBXFileReference; includeInIndex = 1; lastKnownFileType = text.xcconfig; name = "Pods-TodoApp.debug.xcconfig"; path = "Pods/Target Support Files/Pods-TodoApp/Pods-TodoApp.debug.xcconfig"; sourceTree = "<group>"; };
		A12793FD0251FCDC56938BCF /* Pods-TodoApp.release.xcconfig */ = {isa = PBXFileReference; includeInIndex = 1; lastKnownFileType = text.xcconfig; name = "Pods-TodoApp.release.xcconfig"; path = "Pods/Target Support Files/Pods-TodoApp/Pods-TodoApp.release.xcconfig"; sourceTree = "<group>"; };
		A4F84E2E8348900BE9126B68 /* Pods_TodoApp.framework */ = {isa = PBXFileReference; explicitFileType = wrapper.framework; includeInIndex = 0; path = Pods_TodoApp.framework; sourceTree = BUILT_PRODUCTS_DIR; };
		F6588C8021B35C44001C0185 /* TaskDetailsViewController.swift */ = {isa = PBXFileReference; lastKnownFileType = sourcecode.swift; path = TaskDetailsViewController.swift; sourceTree = "<group>"; };
		F6588C8421B4D0AB001C0185 /* GoogleService-Info.plist */ = {isa = PBXFileReference; fileEncoding = 4; lastKnownFileType = text.plist.xml; name = "GoogleService-Info.plist"; path = "../../../../../Downloads/GoogleService-Info.plist"; sourceTree = "<group>"; };
		F6588C8621B4D8B1001C0185 /* AppConstants.swift */ = {isa = PBXFileReference; lastKnownFileType = sourcecode.swift; path = AppConstants.swift; sourceTree = "<group>"; };
		F6D5603E21AF4FE100ED9CC5 /* TodoApp.app */ = {isa = PBXFileReference; explicitFileType = wrapper.application; includeInIndex = 0; path = TodoApp.app; sourceTree = BUILT_PRODUCTS_DIR; };
		F6D5604121AF4FE100ED9CC5 /* AppDelegate.swift */ = {isa = PBXFileReference; lastKnownFileType = sourcecode.swift; path = AppDelegate.swift; sourceTree = "<group>"; };
		F6D5604321AF4FE100ED9CC5 /* ViewController.swift */ = {isa = PBXFileReference; lastKnownFileType = sourcecode.swift; path = ViewController.swift; sourceTree = "<group>"; };
		F6D5604621AF4FE100ED9CC5 /* Base */ = {isa = PBXFileReference; lastKnownFileType = file.storyboard; name = Base; path = Base.lproj/Main.storyboard; sourceTree = "<group>"; };
		F6D5604821AF4FE600ED9CC5 /* Assets.xcassets */ = {isa = PBXFileReference; lastKnownFileType = folder.assetcatalog; path = Assets.xcassets; sourceTree = "<group>"; };
		F6D5604B21AF4FE600ED9CC5 /* Base */ = {isa = PBXFileReference; lastKnownFileType = file.storyboard; name = Base; path = Base.lproj/LaunchScreen.storyboard; sourceTree = "<group>"; };
		F6D5604D21AF4FE600ED9CC5 /* Info.plist */ = {isa = PBXFileReference; lastKnownFileType = text.plist.xml; path = Info.plist; sourceTree = "<group>"; };
		F6D5605321AF531600ED9CC5 /* TodoTaskCell.swift */ = {isa = PBXFileReference; lastKnownFileType = sourcecode.swift; path = TodoTaskCell.swift; sourceTree = "<group>"; };
		F6D5605621AF574C00ED9CC5 /* TaskModel.swift */ = {isa = PBXFileReference; lastKnownFileType = sourcecode.swift; path = TaskModel.swift; sourceTree = "<group>"; };
/* End PBXFileReference section */

/* Begin PBXFrameworksBuildPhase section */
		F6D5603B21AF4FE100ED9CC5 /* Frameworks */ = {
			isa = PBXFrameworksBuildPhase;
			buildActionMask = 2147483647;
			files = (
				DFDB510B4A545DEC54D0C6AC /* Pods_TodoApp.framework in Frameworks */,
			);
			runOnlyForDeploymentPostprocessing = 0;
		};
/* End PBXFrameworksBuildPhase section */

/* Begin PBXGroup section */
		ACC896410A5FEDA4A6F98E31 /* Pods */ = {
			isa = PBXGroup;
			children = (
				275EE92E055BCFE18595251B /* Pods-TodoApp.debug.xcconfig */,
				A12793FD0251FCDC56938BCF /* Pods-TodoApp.release.xcconfig */,
			);
			name = Pods;
			sourceTree = "<group>";
		};
		D6F8F6F82A5654BA496FF9D3 /* Frameworks */ = {
			isa = PBXGroup;
			children = (
				A4F84E2E8348900BE9126B68 /* Pods_TodoApp.framework */,
			);
			name = Frameworks;
			sourceTree = "<group>";
		};
		F6588C8221B4A7C6001C0185 /* controller */ = {
			isa = PBXGroup;
			children = (
				F6D5604121AF4FE100ED9CC5 /* AppDelegate.swift */,
				F6D5604321AF4FE100ED9CC5 /* ViewController.swift */,
				F6588C8021B35C44001C0185 /* TaskDetailsViewController.swift */,
				F6D5605321AF531600ED9CC5 /* TodoTaskCell.swift */,
			);
			path = controller;
			sourceTree = "<group>";
		};
		F6588C8321B4A7E7001C0185 /* view */ = {
			isa = PBXGroup;
			children = (
				F6D5604521AF4FE100ED9CC5 /* Main.storyboard */,
				F6D5604A21AF4FE600ED9CC5 /* LaunchScreen.storyboard */,
			);
			path = view;
			sourceTree = "<group>";
		};
		F6D5603521AF4FE000ED9CC5 = {
			isa = PBXGroup;
			children = (
				F6D5604021AF4FE100ED9CC5 /* TodoApp */,
				F6D5603F21AF4FE100ED9CC5 /* Products */,
				ACC896410A5FEDA4A6F98E31 /* Pods */,
				D6F8F6F82A5654BA496FF9D3 /* Frameworks */,
			);
			sourceTree = "<group>";
		};
		F6D5603F21AF4FE100ED9CC5 /* Products */ = {
			isa = PBXGroup;
			children = (
				F6D5603E21AF4FE100ED9CC5 /* TodoApp.app */,
			);
			name = Products;
			sourceTree = "<group>";
		};
		F6D5604021AF4FE100ED9CC5 /* TodoApp */ = {
			isa = PBXGroup;
			children = (
				F6588C8321B4A7E7001C0185 /* view */,
				F6588C8221B4A7C6001C0185 /* controller */,
				F6D5605521AF574100ED9CC5 /* model */,
				F6D5604821AF4FE600ED9CC5 /* Assets.xcassets */,
				F6D5604D21AF4FE600ED9CC5 /* Info.plist */,
				F6588C8421B4D0AB001C0185 /* GoogleService-Info.plist */,
			);
			path = TodoApp;
			sourceTree = "<group>";
		};
		F6D5605521AF574100ED9CC5 /* model */ = {
			isa = PBXGroup;
			children = (
				F6D5605621AF574C00ED9CC5 /* TaskModel.swift */,
				F6588C8621B4D8B1001C0185 /* AppConstants.swift */,
			);
			path = model;
			sourceTree = "<group>";
		};
/* End PBXGroup section */

/* Begin PBXNativeTarget section */
		F6D5603D21AF4FE100ED9CC5 /* TodoApp */ = {
			isa = PBXNativeTarget;
			buildConfigurationList = F6D5605021AF4FE600ED9CC5 /* Build configuration list for PBXNativeTarget "TodoApp" */;
			buildPhases = (
				7EF61BCB303EC8B0EA6ED84C /* [CP] Check Pods Manifest.lock */,
				F6D5603A21AF4FE100ED9CC5 /* Sources */,
				F6D5603B21AF4FE100ED9CC5 /* Frameworks */,
				F6D5603C21AF4FE100ED9CC5 /* Resources */,
				BED7DCDDA5090453335883A0 /* [CP] Embed Pods Frameworks */,
			);
			buildRules = (
			);
			dependencies = (
			);
			name = TodoApp;
			productName = TodoApp;
			productReference = F6D5603E21AF4FE100ED9CC5 /* TodoApp.app */;
			productType = "com.apple.product-type.application";
		};
/* End PBXNativeTarget section */

/* Begin PBXProject section */
		F6D5603621AF4FE000ED9CC5 /* Project object */ = {
			isa = PBXProject;
			attributes = {
				LastSwiftUpdateCheck = 1010;
				LastUpgradeCheck = 1010;
				ORGANIZATIONNAME = "Rodrigo Silva";
				TargetAttributes = {
					F6D5603D21AF4FE100ED9CC5 = {
						CreatedOnToolsVersion = 10.1;
					};
				};
			};
			buildConfigurationList = F6D5603921AF4FE000ED9CC5 /* Build configuration list for PBXProject "TodoApp" */;
			compatibilityVersion = "Xcode 9.3";
			developmentRegion = en;
			hasScannedForEncodings = 0;
			knownRegions = (
				en,
				Base,
			);
			mainGroup = F6D5603521AF4FE000ED9CC5;
			productRefGroup = F6D5603F21AF4FE100ED9CC5 /* Products */;
			projectDirPath = "";
			projectRoot = "";
			targets = (
				F6D5603D21AF4FE100ED9CC5 /* TodoApp */,
			);
		};
/* End PBXProject section */

/* Begin PBXResourcesBuildPhase section */
		F6D5603C21AF4FE100ED9CC5 /* Resources */ = {
			isa = PBXResourcesBuildPhase;
			buildActionMask = 2147483647;
			files = (
				F6D5604C21AF4FE600ED9CC5 /* LaunchScreen.storyboard in Resources */,
				F6588C8521B4D0AC001C0185 /* GoogleService-Info.plist in Resources */,
				F6D5604921AF4FE600ED9CC5 /* Assets.xcassets in Resources */,
				F6D5604721AF4FE100ED9CC5 /* Main.storyboard in Resources */,
			);
			runOnlyForDeploymentPostprocessing = 0;
		};
/* End PBXResourcesBuildPhase section */

/* Begin PBXShellScriptBuildPhase section */
		7EF61BCB303EC8B0EA6ED84C /* [CP] Check Pods Manifest.lock */ = {
			isa = PBXShellScriptBuildPhase;
			buildActionMask = 2147483647;
			files = (
			);
			inputFileListPaths = (
			);
			inputPaths = (
				"${PODS_PODFILE_DIR_PATH}/Podfile.lock",
				"${PODS_ROOT}/Manifest.lock",
			);
			name = "[CP] Check Pods Manifest.lock";
			outputFileListPaths = (
			);
			outputPaths = (
				"$(DERIVED_FILE_DIR)/Pods-TodoApp-checkManifestLockResult.txt",
			);
			runOnlyForDeploymentPostprocessing = 0;
			shellPath = /bin/sh;
			shellScript = "diff \"${PODS_PODFILE_DIR_PATH}/Podfile.lock\" \"${PODS_ROOT}/Manifest.lock\" > /dev/null\nif [ $? != 0 ] ; then\n    # print error to STDERR\n    echo \"error: The sandbox is not in sync with the Podfile.lock. Run 'pod install' or update your CocoaPods installation.\" >&2\n    exit 1\nfi\n# This output is used by Xcode 'outputs' to avoid re-running this script phase.\necho \"SUCCESS\" > \"${SCRIPT_OUTPUT_FILE_0}\"\n";
			showEnvVarsInLog = 0;
		};
		BED7DCDDA5090453335883A0 /* [CP] Embed Pods Frameworks */ = {
			isa = PBXShellScriptBuildPhase;
			buildActionMask = 2147483647;
			files = (
			);
			inputFileListPaths = (
			);
			inputPaths = (
				"${SRCROOT}/Pods/Target Support Files/Pods-TodoApp/Pods-TodoApp-frameworks.sh",
				"${BUILT_PRODUCTS_DIR}/BoringSSL/openssl.framework",
				"${BUILT_PRODUCTS_DIR}/GoogleUtilities/GoogleUtilities.framework",
				"${BUILT_PRODUCTS_DIR}/Protobuf/Protobuf.framework",
				"${BUILT_PRODUCTS_DIR}/gRPC/GRPCClient.framework",
				"${BUILT_PRODUCTS_DIR}/gRPC-C++/grpcpp.framework",
				"${BUILT_PRODUCTS_DIR}/gRPC-Core/grpc.framework",
				"${BUILT_PRODUCTS_DIR}/gRPC-ProtoRPC/ProtoRPC.framework",
				"${BUILT_PRODUCTS_DIR}/gRPC-RxLibrary/RxLibrary.framework",
				"${BUILT_PRODUCTS_DIR}/leveldb-library/leveldb.framework",
				"${BUILT_PRODUCTS_DIR}/nanopb/nanopb.framework",
			);
			name = "[CP] Embed Pods Frameworks";
			outputFileListPaths = (
			);
			outputPaths = (
				"${TARGET_BUILD_DIR}/${FRAMEWORKS_FOLDER_PATH}/openssl.framework",
				"${TARGET_BUILD_DIR}/${FRAMEWORKS_FOLDER_PATH}/GoogleUtilities.framework",
				"${TARGET_BUILD_DIR}/${FRAMEWORKS_FOLDER_PATH}/Protobuf.framework",
				"${TARGET_BUILD_DIR}/${FRAMEWORKS_FOLDER_PATH}/GRPCClient.framework",
				"${TARGET_BUILD_DIR}/${FRAMEWORKS_FOLDER_PATH}/grpcpp.framework",
				"${TARGET_BUILD_DIR}/${FRAMEWORKS_FOLDER_PATH}/grpc.framework",
				"${TARGET_BUILD_DIR}/${FRAMEWORKS_FOLDER_PATH}/ProtoRPC.framework",
				"${TARGET_BUILD_DIR}/${FRAMEWORKS_FOLDER_PATH}/RxLibrary.framework",
				"${TARGET_BUILD_DIR}/${FRAMEWORKS_FOLDER_PATH}/leveldb.framework",
				"${TARGET_BUILD_DIR}/${FRAMEWORKS_FOLDER_PATH}/nanopb.framework",
			);
			runOnlyForDeploymentPostprocessing = 0;
			shellPath = /bin/sh;
			shellScript = "\"${SRCROOT}/Pods/Target Support Files/Pods-TodoApp/Pods-TodoApp-frameworks.sh\"\n";
			showEnvVarsInLog = 0;
		};
/* End PBXShellScriptBuildPhase section */

/* Begin PBXSourcesBuildPhase section */
		F6D5603A21AF4FE100ED9CC5 /* Sources */ = {
			isa = PBXSourcesBuildPhase;
			buildActionMask = 2147483647;
			files = (
				F6D5605721AF574C00ED9CC5 /* TaskModel.swift in Sources */,
				F6588C8721B4D8B1001C0185 /* AppConstants.swift in Sources */,
				F6D5604421AF4FE100ED9CC5 /* ViewController.swift in Sources */,
				F6D5604221AF4FE100ED9CC5 /* AppDelegate.swift in Sources */,
				F6D5605421AF531600ED9CC5 /* TodoTaskCell.swift in Sources */,
				F6588C8121B35C44001C0185 /* TaskDetailsViewController.swift in Sources */,
			);
			runOnlyForDeploymentPostprocessing = 0;
		};
/* End PBXSourcesBuildPhase section */

/* Begin PBXVariantGroup section */
		F6D5604521AF4FE100ED9CC5 /* Main.storyboard */ = {
			isa = PBXVariantGroup;
			children = (
				F6D5604621AF4FE100ED9CC5 /* Base */,
			);
			name = Main.storyboard;
			sourceTree = "<group>";
		};
		F6D5604A21AF4FE600ED9CC5 /* LaunchScreen.storyboard */ = {
			isa = PBXVariantGroup;
			children = (
				F6D5604B21AF4FE600ED9CC5 /* Base */,
			);
			name = LaunchScreen.storyboard;
			sourceTree = "<group>";
		};
/* End PBXVariantGroup section */

/* Begin XCBuildConfiguration section */
		F6D5604E21AF4FE600ED9CC5 /* Debug */ = {
			isa = XCBuildConfiguration;
			buildSettings = {
				ALWAYS_SEARCH_USER_PATHS = NO;
				CLANG_ANALYZER_NONNULL = YES;
				CLANG_ANALYZER_NUMBER_OBJECT_CONVERSION = YES_AGGRESSIVE;
				CLANG_CXX_LANGUAGE_STANDARD = "gnu++14";
				CLANG_CXX_LIBRARY = "libc++";
				CLANG_ENABLE_MODULES = YES;
				CLANG_ENABLE_OBJC_ARC = YES;
				CLANG_ENABLE_OBJC_WEAK = YES;
				CLANG_WARN_BLOCK_CAPTURE_AUTORELEASING = YES;
				CLANG_WARN_BOOL_CONVERSION = YES;
				CLANG_WARN_COMMA = YES;
				CLANG_WARN_CONSTANT_CONVERSION = YES;
				CLANG_WARN_DEPRECATED_OBJC_IMPLEMENTATIONS = YES;
				CLANG_WARN_DIRECT_OBJC_ISA_USAGE = YES_ERROR;
				CLANG_WARN_DOCUMENTATION_COMMENTS = YES;
				CLANG_WARN_EMPTY_BODY = YES;
				CLANG_WARN_ENUM_CONVERSION = YES;
				CLANG_WARN_INFINITE_RECURSION = YES;
				CLANG_WARN_INT_CONVERSION = YES;
				CLANG_WARN_NON_LITERAL_NULL_CONVERSION = YES;
				CLANG_WARN_OBJC_IMPLICIT_RETAIN_SELF = YES;
				CLANG_WARN_OBJC_LITERAL_CONVERSION = YES;
				CLANG_WARN_OBJC_ROOT_CLASS = YES_ERROR;
				CLANG_WARN_RANGE_LOOP_ANALYSIS = YES;
				CLANG_WARN_STRICT_PROTOTYPES = YES;
				CLANG_WARN_SUSPICIOUS_MOVE = YES;
				CLANG_WARN_UNGUARDED_AVAILABILITY = YES_AGGRESSIVE;
				CLANG_WARN_UNREACHABLE_CODE = YES;
				CLANG_WARN__DUPLICATE_METHOD_MATCH = YES;
				CODE_SIGN_IDENTITY = "iPhone Developer";
				COPY_PHASE_STRIP = NO;
				DEBUG_INFORMATION_FORMAT = dwarf;
				ENABLE_STRICT_OBJC_MSGSEND = YES;
				ENABLE_TESTABILITY = YES;
				GCC_C_LANGUAGE_STANDARD = gnu11;
				GCC_DYNAMIC_NO_PIC = NO;
				GCC_NO_COMMON_BLOCKS = YES;
				GCC_OPTIMIZATION_LEVEL = 0;
				GCC_PREPROCESSOR_DEFINITIONS = (
					"DEBUG=1",
					"$(inherited)",
				);
				GCC_WARN_64_TO_32_BIT_CONVERSION = YES;
				GCC_WARN_ABOUT_RETURN_TYPE = YES_ERROR;
				GCC_WARN_UNDECLARED_SELECTOR = YES;
				GCC_WARN_UNINITIALIZED_AUTOS = YES_AGGRESSIVE;
				GCC_WARN_UNUSED_FUNCTION = YES;
				GCC_WARN_UNUSED_VARIABLE = YES;
				IPHONEOS_DEPLOYMENT_TARGET = 12.1;
				MTL_ENABLE_DEBUG_INFO = INCLUDE_SOURCE;
				MTL_FAST_MATH = YES;
				ONLY_ACTIVE_ARCH = YES;
				SDKROOT = iphoneos;
				SWIFT_ACTIVE_COMPILATION_CONDITIONS = DEBUG;
				SWIFT_OPTIMIZATION_LEVEL = "-Onone";
			};
			name = Debug;
		};
		F6D5604F21AF4FE600ED9CC5 /* Release */ = {
			isa = XCBuildConfiguration;
			buildSettings = {
				ALWAYS_SEARCH_USER_PATHS = NO;
				CLANG_ANALYZER_NONNULL = YES;
				CLANG_ANALYZER_NUMBER_OBJECT_CONVERSION = YES_AGGRESSIVE;
				CLANG_CXX_LANGUAGE_STANDARD = "gnu++14";
				CLANG_CXX_LIBRARY = "libc++";
				CLANG_ENABLE_MODULES = YES;
				CLANG_ENABLE_OBJC_ARC = YES;
				CLANG_ENABLE_OBJC_WEAK = YES;
				CLANG_WARN_BLOCK_CAPTURE_AUTORELEASING = YES;
				CLANG_WARN_BOOL_CONVERSION = YES;
				CLANG_WARN_COMMA = YES;
				CLANG_WARN_CONSTANT_CONVERSION = YES;
				CLANG_WARN_DEPRECATED_OBJC_IMPLEMENTATIONS = YES;
				CLANG_WARN_DIRECT_OBJC_ISA_USAGE = YES_ERROR;
				CLANG_WARN_DOCUMENTATION_COMMENTS = YES;
				CLANG_WARN_EMPTY_BODY = YES;
				CLANG_WARN_ENUM_CONVERSION = YES;
				CLANG_WARN_INFINITE_RECURSION = YES;
				CLANG_WARN_INT_CONVERSION = YES;
				CLANG_WARN_NON_LITERAL_NULL_CONVERSION = YES;
				CLANG_WARN_OBJC_IMPLICIT_RETAIN_SELF = YES;
				CLANG_WARN_OBJC_LITERAL_CONVERSION = YES;
				CLANG_WARN_OBJC_ROOT_CLASS = YES_ERROR;
				CLANG_WARN_RANGE_LOOP_ANALYSIS = YES;
				CLANG_WARN_STRICT_PROTOTYPES = YES;
				CLANG_WARN_SUSPICIOUS_MOVE = YES;
				CLANG_WARN_UNGUARDED_AVAILABILITY = YES_AGGRESSIVE;
				CLANG_WARN_UNREACHABLE_CODE = YES;
				CLANG_WARN__DUPLICATE_METHOD_MATCH = YES;
				CODE_SIGN_IDENTITY = "iPhone Developer";
				COPY_PHASE_STRIP = NO;
				DEBUG_INFORMATION_FORMAT = "dwarf-with-dsym";
				ENABLE_NS_ASSERTIONS = NO;
				ENABLE_STRICT_OBJC_MSGSEND = YES;
				GCC_C_LANGUAGE_STANDARD = gnu11;
				GCC_NO_COMMON_BLOCKS = YES;
				GCC_WARN_64_TO_32_BIT_CONVERSION = YES;
				GCC_WARN_ABOUT_RETURN_TYPE = YES_ERROR;
				GCC_WARN_UNDECLARED_SELECTOR = YES;
				GCC_WARN_UNINITIALIZED_AUTOS = YES_AGGRESSIVE;
				GCC_WARN_UNUSED_FUNCTION = YES;
				GCC_WARN_UNUSED_VARIABLE = YES;
				IPHONEOS_DEPLOYMENT_TARGET = 12.1;
				MTL_ENABLE_DEBUG_INFO = NO;
				MTL_FAST_MATH = YES;
				SDKROOT = iphoneos;
				SWIFT_COMPILATION_MODE = wholemodule;
				SWIFT_OPTIMIZATION_LEVEL = "-O";
				VALIDATE_PRODUCT = YES;
			};
			name = Release;
		};
		F6D5605121AF4FE600ED9CC5 /* Debug */ = {
			isa = XCBuildConfiguration;
			baseConfigurationReference = 275EE92E055BCFE18595251B /* Pods-TodoApp.debug.xcconfig */;
			buildSettings = {
				ASSETCATALOG_COMPILER_APPICON_NAME = AppIcon;
				CODE_SIGN_STYLE = Automatic;
				DEVELOPMENT_TEAM = 2BULHRS882;
				INFOPLIST_FILE = TodoApp/Info.plist;
				LD_RUNPATH_SEARCH_PATHS = (
					"$(inherited)",
					"@executable_path/Frameworks",
				);
				PRODUCT_BUNDLE_IDENTIFIER = ca.centennial.rodrigosilva.TodoApp;
				PRODUCT_NAME = "$(TARGET_NAME)";
				SWIFT_VERSION = 4.2;
				TARGETED_DEVICE_FAMILY = "1,2";
			};
			name = Debug;
		};
		F6D5605221AF4FE600ED9CC5 /* Release */ = {
			isa = XCBuildConfiguration;
			baseConfigurationReference = A12793FD0251FCDC56938BCF /* Pods-TodoApp.release.xcconfig */;
			buildSettings = {
				ASSETCATALOG_COMPILER_APPICON_NAME = AppIcon;
				CODE_SIGN_STYLE = Automatic;
				DEVELOPMENT_TEAM = 2BULHRS882;
				INFOPLIST_FILE = TodoApp/Info.plist;
				LD_RUNPATH_SEARCH_PATHS = (
					"$(inherited)",
					"@executable_path/Frameworks",
				);
				PRODUCT_BUNDLE_IDENTIFIER = ca.centennial.rodrigosilva.TodoApp;
				PRODUCT_NAME = "$(TARGET_NAME)";
				SWIFT_VERSION = 4.2;
				TARGETED_DEVICE_FAMILY = "1,2";
			};
			name = Release;
		};
/* End XCBuildConfiguration section */

/* Begin XCConfigurationList section */
		F6D5603921AF4FE000ED9CC5 /* Build configuration list for PBXProject "TodoApp" */ = {
			isa = XCConfigurationList;
			buildConfigurations = (
				F6D5604E21AF4FE600ED9CC5 /* Debug */,
				F6D5604F21AF4FE600ED9CC5 /* Release */,
			);
			defaultConfigurationIsVisible = 0;
			defaultConfigurationName = Release;
		};
		F6D5605021AF4FE600ED9CC5 /* Build configuration list for PBXNativeTarget "TodoApp" */ = {
			isa = XCConfigurationList;
			buildConfigurations = (
				F6D5605121AF4FE600ED9CC5 /* Debug */,
				F6D5605221AF4FE600ED9CC5 /* Release */,
			);
			defaultConfigurationIsVisible = 0;
			defaultConfigurationName = Release;
		};
/* End XCConfigurationList section */
	};
	rootObject = F6D5603621AF4FE000ED9CC5 /* Project object */;
}
